{
    "_readme": [
        "This file locks the dependencies of your project to a known state",
        "Read more about it at https://getcomposer.org/doc/01-basic-usage.md#composer-lock-the-lock-file",
        "This file is @generated automatically"
    ],
    "content-hash": "2cc393f28270917fead42b9fc9b28d3b",
    "packages": [
        {
            "name": "delight-im/alphabets",
            "version": "v1.0.0",
            "source": {
                "type": "git",
                "url": "https://github.com/delight-im/PHP-Alphabets.git",
                "reference": "54bbe2672875264e583414446b102a1f84bd5b9e"
            },
            "dist": {
                "type": "zip",
                "url": "https://api.github.com/repos/delight-im/PHP-Alphabets/zipball/54bbe2672875264e583414446b102a1f84bd5b9e",
                "reference": "54bbe2672875264e583414446b102a1f84bd5b9e",
                "shasum": ""
            },
            "require": {
                "php": ">=5.6.0"
            },
            "type": "library",
            "autoload": {
                "psr-4": {
                    "Delight\\Alphabets\\": "src/"
                }
            },
            "notification-url": "https://packagist.org/downloads/",
            "license": [
                "MIT"
            ],
            "description": "Sets of digits or characters that may be used for base conversions, encoding and decoding tasks, and input validation",
            "homepage": "https://github.com/delight-im/PHP-Alphabets",
            "keywords": [
                "alpha",
                "alphabet",
                "alphabets",
                "alphanumeric",
                "ascii",
                "base32",
                "base58",
                "base64",
                "base64url",
                "base85",
                "binary",
                "decimal",
                "decode",
                "decoding",
                "encode",
                "encoding",
                "hex",
                "hexadecimal",
                "octal"
            ],
            "time": "2019-11-17T23:48:59+00:00"
        }
    ],
    "packages-dev": [],
    "aliases": [],
    "minimum-stability": "stable",
    "stability-flags": [],
    "prefer-stable": false,
    "prefer-lowest": false,
    "platform": {
        "php": ">=7.0.0"
    },
    "platform-dev": []
}
